
Microsoft Visual Studio Solution File, Format Version 12.00
# Visual Studio 14
VisualStudioVersion = 14.0.25420.1
MinimumVisualStudioVersion = 10.0.40219.1
Project("{2150E333-8FDC-42A3-9474-1A3956D46DE8}") = "src", "src", "{6E0F9163-F495-4CBD-8337-7FC754CC4006}"
EndProject
Project("{2150E333-8FDC-42A3-9474-1A3956D46DE8}") = "Solution Items", "Solution Items", "{9FE9B7B3-3108-4295-99D2-7FAD44010316}"
	ProjectSection(SolutionItems) = preProject
		global.json = global.json
	EndProjectSection
EndProject
Project("{8BB2217D-0F2D-49D1-97BC-3654ED321F3B}") = "FinalProject", "src\FinalProject\FinalProject.xproj", "{C27B8B7C-0862-41CC-8B9F-1FB5AE21D1D6}"
EndProject
Global
	GlobalSection(SolutionConfigurationPlatforms) = preSolution
		Debug|Any CPU = Debug|Any CPU
		Release|Any CPU = Release|Any CPU
	EndGlobalSection
	GlobalSection(ProjectConfigurationPlatforms) = postSolution
		{C27B8B7C-0862-41CC-8B9F-1FB5AE21D1D6}.Debug|Any CPU.ActiveCfg = Debug|Any CPU
		{C27B8B7C-0862-41CC-8B9F-1FB5AE21D1D6}.Debug|Any CPU.Build.0 = Debug|Any CPU
		{C27B8B7C-0862-41CC-8B9F-1FB5AE21D1D6}.Release|Any CPU.ActiveCfg = Release|Any CPU
		{C27B8B7C-0862-41CC-8B9F-1FB5AE21D1D6}.Release|Any CPU.Build.0 = Release|Any CPU
	EndGlobalSection
	GlobalSection(SolutionProperties) = preSolution
		HideSolutionNode = FALSE
	EndGlobalSection
	GlobalSection(NestedProjects) = preSolution
		{C27B8B7C-0862-41CC-8B9F-1FB5AE21D1D6} = {6E0F9163-F495-4CBD-8337-7FC754CC4006}
	EndGlobalSection
EndGlobal
